
Microsoft Visual Studio Solution File, Format Version 12.00
# Visual Studio Version 17
VisualStudioVersion = 17.1.32210.238
MinimumVisualStudioVersion = 10.0.40219.1
Project("{FAE04EC0-301F-11D3-BF4B-00C04F79EFBC}") = "HelloName", "HelloName\HelloName.csproj", "{47A30D70-FCB7-487D-8A42-50081FB37AF9}"
EndProject
Global
	GlobalSection(SolutionConfigurationPlatforms) = preSolution
		Debug|Any CPU = Debug|Any CPU
		Release|Any CPU = Release|Any CPU
	EndGlobalSection
	GlobalSection(ProjectConfigurationPlatforms) = postSolution
		{47A30D70-FCB7-487D-8A42-50081FB37AF9}.Debug|Any CPU.ActiveCfg = Debug|Any CPU
		{47A30D70-FCB7-487D-8A42-50081FB37AF9}.Debug|Any CPU.Build.0 = Debug|Any CPU
		{47A30D70-FCB7-487D-8A42-50081FB37AF9}.Release|Any CPU.ActiveCfg = Release|Any CPU
		{47A30D70-FCB7-487D-8A42-50081FB37AF9}.Release|Any CPU.Build.0 = Release|Any CPU
	EndGlobalSection
	GlobalSection(SolutionProperties) = preSolution
		HideSolutionNode = FALSE
	EndGlobalSection
	GlobalSection(ExtensibilityGlobals) = postSolution
		SolutionGuid = {FB9F2B69-30F9-4A83-97CE-05C34193C673}
	EndGlobalSection
EndGlobal
